// !$*UTF8*$!
{
	archiveVersion = 1;
	classes = {
	};
	objectVersion = 50;
	objects = {

/* Begin PBXBuildFile section */
		7219701B22B4D14300EFD566 /* AppDelegate.swift in Sources */ = {isa = PBXBuildFile; fileRef = 7219701A22B4D14300EFD566 /* AppDelegate.swift */; };
		7219701D22B4D14300EFD566 /* ItemViewController.swift in Sources */ = {isa = PBXBuildFile; fileRef = 7219701C22B4D14300EFD566 /* ItemViewController.swift */; };
		7219702022B4D14300EFD566 /* Main.storyboard in Resources */ = {isa = PBXBuildFile; fileRef = 7219701E22B4D14300EFD566 /* Main.storyboard */; };
		7219702222B4D14400EFD566 /* Assets.xcassets in Resources */ = {isa = PBXBuildFile; fileRef = 7219702122B4D14400EFD566 /* Assets.xcassets */; };
		7219702522B4D14400EFD566 /* LaunchScreen.storyboard in Resources */ = {isa = PBXBuildFile; fileRef = 7219702322B4D14400EFD566 /* LaunchScreen.storyboard */; };
		7219705922B61AB600EFD566 /* CategoryViewController.swift in Sources */ = {isa = PBXBuildFile; fileRef = 7219705822B61AB600EFD566 /* CategoryViewController.swift */; };
		7260B56F22BA5F5700E35654 /* Item.swift in Sources */ = {isa = PBXBuildFile; fileRef = 7260B56E22BA5F5700E35654 /* Item.swift */; };
		7260B57122BA5F6500E35654 /* Category.swift in Sources */ = {isa = PBXBuildFile; fileRef = 7260B57022BA5F6500E35654 /* Category.swift */; };
		7260B57322BF09E900E35654 /* SwipeTableViewController.swift in Sources */ = {isa = PBXBuildFile; fileRef = 7260B57222BF09E900E35654 /* SwipeTableViewController.swift */; };
		8E5E648BD3909A3F50851574 /* Pods_Do_It.framework in Frameworks */ = {isa = PBXBuildFile; fileRef = 02376A3BCFBE4059B03D94CB /* Pods_Do_It.framework */; };
/* End PBXBuildFile section */

/* Begin PBXFileReference section */
		02376A3BCFBE4059B03D94CB /* Pods_Do_It.framework */ = {isa = PBXFileReference; explicitFileType = wrapper.framework; includeInIndex = 0; path = Pods_Do_It.framework; sourceTree = BUILT_PRODUCTS_DIR; };
		4F9B2B23E0B4EF0F3C08AC66 /* Pods-Do It.release.xcconfig */ = {isa = PBXFileReference; includeInIndex = 1; lastKnownFileType = text.xcconfig; name = "Pods-Do It.release.xcconfig"; path = "Target Support Files/Pods-Do It/Pods-Do It.release.xcconfig"; sourceTree = "<group>"; };
		7219701722B4D14300EFD566 /* Do It.app */ = {isa = PBXFileReference; explicitFileType = wrapper.application; includeInIndex = 0; path = "Do It.app"; sourceTree = BUILT_PRODUCTS_DIR; };
		7219701A22B4D14300EFD566 /* AppDelegate.swift */ = {isa = PBXFileReference; lastKnownFileType = sourcecode.swift; path = AppDelegate.swift; sourceTree = "<group>"; };
		7219701C22B4D14300EFD566 /* ItemViewController.swift */ = {isa = PBXFileReference; lastKnownFileType = sourcecode.swift; path = ItemViewController.swift; sourceTree = "<group>"; };
		7219701F22B4D14300EFD566 /* Base */ = {isa = PBXFileReference; lastKnownFileType = file.storyboard; name = Base; path = Base.lproj/Main.storyboard; sourceTree = "<group>"; };
		7219702122B4D14400EFD566 /* Assets.xcassets */ = {isa = PBXFileReference; lastKnownFileType = folder.assetcatalog; path = Assets.xcassets; sourceTree = "<group>"; };
		7219702422B4D14400EFD566 /* Base */ = {isa = PBXFileReference; lastKnownFileType = file.storyboard; name = Base; path = Base.lproj/LaunchScreen.storyboard; sourceTree = "<group>"; };
		7219702622B4D14400EFD566 /* Info.plist */ = {isa = PBXFileReference; lastKnownFileType = text.plist.xml; path = Info.plist; sourceTree = "<group>"; };
		7219705822B61AB600EFD566 /* CategoryViewController.swift */ = {isa = PBXFileReference; lastKnownFileType = sourcecode.swift; path = CategoryViewController.swift; sourceTree = "<group>"; };
		7260B56E22BA5F5700E35654 /* Item.swift */ = {isa = PBXFileReference; lastKnownFileType = sourcecode.swift; path = Item.swift; sourceTree = "<group>"; };
		7260B57022BA5F6500E35654 /* Category.swift */ = {isa = PBXFileReference; lastKnownFileType = sourcecode.swift; path = Category.swift; sourceTree = "<group>"; };
		7260B57222BF09E900E35654 /* SwipeTableViewController.swift */ = {isa = PBXFileReference; lastKnownFileType = sourcecode.swift; path = SwipeTableViewController.swift; sourceTree = "<group>"; };
		C54631783A0A49F3565AEE0D /* Pods-Do It.debug.xcconfig */ = {isa = PBXFileReference; includeInIndex = 1; lastKnownFileType = text.xcconfig; name = "Pods-Do It.debug.xcconfig"; path = "Target Support Files/Pods-Do It/Pods-Do It.debug.xcconfig"; sourceTree = "<group>"; };
/* End PBXFileReference section */

/* Begin PBXFrameworksBuildPhase section */
		7219701422B4D14300EFD566 /* Frameworks */ = {
			isa = PBXFrameworksBuildPhase;
			buildActionMask = 2147483647;
			files = (
				8E5E648BD3909A3F50851574 /* Pods_Do_It.framework in Frameworks */,
			);
			runOnlyForDeploymentPostprocessing = 0;
		};
/* End PBXFrameworksBuildPhase section */

/* Begin PBXGroup section */
		7219700E22B4D14300EFD566 = {
			isa = PBXGroup;
			children = (
				7219701922B4D14300EFD566 /* Do It */,
				7219701822B4D14300EFD566 /* Products */,
				DE3F2CA6645CE46C251DF3B5 /* Pods */,
				E0C4AC62D19577C1A88DFEB1 /* Frameworks */,
			);
			sourceTree = "<group>";
		};
		7219701822B4D14300EFD566 /* Products */ = {
			isa = PBXGroup;
			children = (
				7219701722B4D14300EFD566 /* Do It.app */,
			);
			name = Products;
			sourceTree = "<group>";
		};
		7219701922B4D14300EFD566 /* Do It */ = {
			isa = PBXGroup;
			children = (
				7219702622B4D14400EFD566 /* Info.plist */,
				7219702E22B4F7C800EFD566 /* Controllers */,
				7219702D22B4F7C200EFD566 /* Views */,
				7219702C22B4F7B800EFD566 /* Models */,
				7219703122B4F88A00EFD566 /* Supporting */,
			);
			path = "Do It";
			sourceTree = "<group>";
		};
		7219702C22B4F7B800EFD566 /* Models */ = {
			isa = PBXGroup;
			children = (
				7260B57022BA5F6500E35654 /* Category.swift */,
				7260B56E22BA5F5700E35654 /* Item.swift */,
			);
			path = Models;
			sourceTree = "<group>";
		};
		7219702D22B4F7C200EFD566 /* Views */ = {
			isa = PBXGroup;
			children = (
				7219702322B4D14400EFD566 /* LaunchScreen.storyboard */,
				7219701E22B4D14300EFD566 /* Main.storyboard */,
			);
			path = Views;
			sourceTree = "<group>";
		};
		7219702E22B4F7C800EFD566 /* Controllers */ = {
			isa = PBXGroup;
			children = (
				7219701A22B4D14300EFD566 /* AppDelegate.swift */,
				7260B57222BF09E900E35654 /* SwipeTableViewController.swift */,
				7219705822B61AB600EFD566 /* CategoryViewController.swift */,
				7219701C22B4D14300EFD566 /* ItemViewController.swift */,
			);
			path = Controllers;
			sourceTree = "<group>";
		};
		7219703122B4F88A00EFD566 /* Supporting */ = {
			isa = PBXGroup;
			children = (
				7219702122B4D14400EFD566 /* Assets.xcassets */,
			);
			path = Supporting;
			sourceTree = "<group>";
		};
		DE3F2CA6645CE46C251DF3B5 /* Pods */ = {
			isa = PBXGroup;
			children = (
				C54631783A0A49F3565AEE0D /* Pods-Do It.debug.xcconfig */,
				4F9B2B23E0B4EF0F3C08AC66 /* Pods-Do It.release.xcconfig */,
			);
			path = Pods;
			sourceTree = "<group>";
		};
		E0C4AC62D19577C1A88DFEB1 /* Frameworks */ = {
			isa = PBXGroup;
			children = (
				02376A3BCFBE4059B03D94CB /* Pods_Do_It.framework */,
			);
			name = Frameworks;
			sourceTree = "<group>";
		};
/* End PBXGroup section */

/* Begin PBXNativeTarget section */
		7219701622B4D14300EFD566 /* Do It */ = {
			isa = PBXNativeTarget;
			buildConfigurationList = 7219702922B4D14400EFD566 /* Build configuration list for PBXNativeTarget "Do It" */;
			buildPhases = (
				C1BF8C0008C7D26215906984 /* [CP] Check Pods Manifest.lock */,
				7219701322B4D14300EFD566 /* Sources */,
				7219701422B4D14300EFD566 /* Frameworks */,
				7219701522B4D14300EFD566 /* Resources */,
				D508EF2A9E905D1864E81150 /* [CP] Embed Pods Frameworks */,
			);
			buildRules = (
			);
			dependencies = (
			);
			name = "Do It";
			productName = "Do It";
			productReference = 7219701722B4D14300EFD566 /* Do It.app */;
			productType = "com.apple.product-type.application";
		};
/* End PBXNativeTarget section */

/* Begin PBXProject section */
		7219700F22B4D14300EFD566 /* Project object */ = {
			isa = PBXProject;
			attributes = {
				LastSwiftUpdateCheck = 1020;
				LastUpgradeCheck = 1020;
				ORGANIZATIONNAME = "Ukiyo LLC";
				TargetAttributes = {
					7219701622B4D14300EFD566 = {
						CreatedOnToolsVersion = 10.2.1;
					};
				};
			};
			buildConfigurationList = 7219701222B4D14300EFD566 /* Build configuration list for PBXProject "Do It" */;
			compatibilityVersion = "Xcode 9.3";
			developmentRegion = en;
			hasScannedForEncodings = 0;
			knownRegions = (
				en,
				Base,
			);
			mainGroup = 7219700E22B4D14300EFD566;
			productRefGroup = 7219701822B4D14300EFD566 /* Products */;
			projectDirPath = "";
			projectRoot = "";
			targets = (
				7219701622B4D14300EFD566 /* Do It */,
			);
		};
/* End PBXProject section */

/* Begin PBXResourcesBuildPhase section */
		7219701522B4D14300EFD566 /* Resources */ = {
			isa = PBXResourcesBuildPhase;
			buildActionMask = 2147483647;
			files = (
				7219702522B4D14400EFD566 /* LaunchScreen.storyboard in Resources */,
				7219702222B4D14400EFD566 /* Assets.xcassets in Resources */,
				7219702022B4D14300EFD566 /* Main.storyboard in Resources */,
			);
			runOnlyForDeploymentPostprocessing = 0;
		};
/* End PBXResourcesBuildPhase section */

/* Begin PBXShellScriptBuildPhase section */
		C1BF8C0008C7D26215906984 /* [CP] Check Pods Manifest.lock */ = {
			isa = PBXShellScriptBuildPhase;
			buildActionMask = 2147483647;
			files = (
			);
			inputFileListPaths = (
			);
			inputPaths = (
				"${PODS_PODFILE_DIR_PATH}/Podfile.lock",
				"${PODS_ROOT}/Manifest.lock",
			);
			name = "[CP] Check Pods Manifest.lock";
			outputFileListPaths = (
			);
			outputPaths = (
				"$(DERIVED_FILE_DIR)/Pods-Do It-checkManifestLockResult.txt",
			);
			runOnlyForDeploymentPostprocessing = 0;
			shellPath = /bin/sh;
			shellScript = "diff \"${PODS_PODFILE_DIR_PATH}/Podfile.lock\" \"${PODS_ROOT}/Manifest.lock\" > /dev/null\nif [ $? != 0 ] ; then\n    # print error to STDERR\n    echo \"error: The sandbox is not in sync with the Podfile.lock. Run 'pod install' or update your CocoaPods installation.\" >&2\n    exit 1\nfi\n# This output is used by Xcode 'outputs' to avoid re-running this script phase.\necho \"SUCCESS\" > \"${SCRIPT_OUTPUT_FILE_0}\"\n";
			showEnvVarsInLog = 0;
		};
		D508EF2A9E905D1864E81150 /* [CP] Embed Pods Frameworks */ = {
			isa = PBXShellScriptBuildPhase;
			buildActionMask = 2147483647;
			files = (
			);
			inputFileListPaths = (
			);
			inputPaths = (
				"${PODS_ROOT}/Target Support Files/Pods-Do It/Pods-Do It-frameworks.sh",
				"${BUILT_PRODUCTS_DIR}/ChameleonFramework/ChameleonFramework.framework",
				"${BUILT_PRODUCTS_DIR}/Realm/Realm.framework",
				"${BUILT_PRODUCTS_DIR}/RealmSwift/RealmSwift.framework",
				"${BUILT_PRODUCTS_DIR}/SwipeCellKit/SwipeCellKit.framework",
			);
			name = "[CP] Embed Pods Frameworks";
			outputFileListPaths = (
			);
			outputPaths = (
				"${TARGET_BUILD_DIR}/${FRAMEWORKS_FOLDER_PATH}/ChameleonFramework.framework",
				"${TARGET_BUILD_DIR}/${FRAMEWORKS_FOLDER_PATH}/Realm.framework",
				"${TARGET_BUILD_DIR}/${FRAMEWORKS_FOLDER_PATH}/RealmSwift.framework",
				"${TARGET_BUILD_DIR}/${FRAMEWORKS_FOLDER_PATH}/SwipeCellKit.framework",
			);
			runOnlyForDeploymentPostprocessing = 0;
			shellPath = /bin/sh;
			shellScript = "\"${PODS_ROOT}/Target Support Files/Pods-Do It/Pods-Do It-frameworks.sh\"\n";
			showEnvVarsInLog = 0;
		};
/* End PBXShellScriptBuildPhase section */

/* Begin PBXSourcesBuildPhase section */
		7219701322B4D14300EFD566 /* Sources */ = {
			isa = PBXSourcesBuildPhase;
			buildActionMask = 2147483647;
			files = (
				7260B56F22BA5F5700E35654 /* Item.swift in Sources */,
				7219705922B61AB600EFD566 /* CategoryViewController.swift in Sources */,
				7219701D22B4D14300EFD566 /* ItemViewController.swift in Sources */,
				7219701B22B4D14300EFD566 /* AppDelegate.swift in Sources */,
				7260B57322BF09E900E35654 /* SwipeTableViewController.swift in Sources */,
				7260B57122BA5F6500E35654 /* Category.swift in Sources */,
			);
			runOnlyForDeploymentPostprocessing = 0;
		};
/* End PBXSourcesBuildPhase section */

/* Begin PBXVariantGroup section */
		7219701E22B4D14300EFD566 /* Main.storyboard */ = {
			isa = PBXVariantGroup;
			children = (
				7219701F22B4D14300EFD566 /* Base */,
			);
			name = Main.storyboard;
			sourceTree = "<group>";
		};
		7219702322B4D14400EFD566 /* LaunchScreen.storyboard */ = {
			isa = PBXVariantGroup;
			children = (
				7219702422B4D14400EFD566 /* Base */,
			);
			name = LaunchScreen.storyboard;
			sourceTree = "<group>";
		};
/* End PBXVariantGroup section */

/* Begin XCBuildConfiguration section */
		7219702722B4D14400EFD566 /* Debug */ = {
			isa = XCBuildConfiguration;
			buildSettings = {
				ALWAYS_SEARCH_USER_PATHS = NO;
				CLANG_ANALYZER_NONNULL = YES;
				CLANG_ANALYZER_NUMBER_OBJECT_CONVERSION = YES_AGGRESSIVE;
				CLANG_CXX_LANGUAGE_STANDARD = "gnu++14";
				CLANG_CXX_LIBRARY = "libc++";
				CLANG_ENABLE_MODULES = YES;
				CLANG_ENABLE_OBJC_ARC = YES;
				CLANG_ENABLE_OBJC_WEAK = YES;
				CLANG_WARN_BLOCK_CAPTURE_AUTORELEASING = YES;
				CLANG_WARN_BOOL_CONVERSION = YES;
				CLANG_WARN_COMMA = YES;
				CLANG_WARN_CONSTANT_CONVERSION = YES;
				CLANG_WARN_DEPRECATED_OBJC_IMPLEMENTATIONS = YES;
				CLANG_WARN_DIRECT_OBJC_ISA_USAGE = YES_ERROR;
				CLANG_WARN_DOCUMENTATION_COMMENTS = YES;
				CLANG_WARN_EMPTY_BODY = YES;
				CLANG_WARN_ENUM_CONVERSION = YES;
				CLANG_WARN_INFINITE_RECURSION = YES;
				CLANG_WARN_INT_CONVERSION = YES;
				CLANG_WARN_NON_LITERAL_NULL_CONVERSION = YES;
				CLANG_WARN_OBJC_IMPLICIT_RETAIN_SELF = YES;
				CLANG_WARN_OBJC_LITERAL_CONVERSION = YES;
				CLANG_WARN_OBJC_ROOT_CLASS = YES_ERROR;
				CLANG_WARN_RANGE_LOOP_ANALYSIS = YES;
				CLANG_WARN_STRICT_PROTOTYPES = YES;
				CLANG_WARN_SUSPICIOUS_MOVE = YES;
				CLANG_WARN_UNGUARDED_AVAILABILITY = YES_AGGRESSIVE;
				CLANG_WARN_UNREACHABLE_CODE = YES;
				CLANG_WARN__DUPLICATE_METHOD_MATCH = YES;
				CODE_SIGN_IDENTITY = "iPhone Developer";
				COPY_PHASE_STRIP = NO;
				DEBUG_INFORMATION_FORMAT = dwarf;
				ENABLE_STRICT_OBJC_MSGSEND = YES;
				ENABLE_TESTABILITY = YES;
				GCC_C_LANGUAGE_STANDARD = gnu11;
				GCC_DYNAMIC_NO_PIC = NO;
				GCC_NO_COMMON_BLOCKS = YES;
				GCC_OPTIMIZATION_LEVEL = 0;
				GCC_PREPROCESSOR_DEFINITIONS = (
					"DEBUG=1",
					"$(inherited)",
				);
				GCC_WARN_64_TO_32_BIT_CONVERSION = YES;
				GCC_WARN_ABOUT_RETURN_TYPE = YES_ERROR;
				GCC_WARN_UNDECLARED_SELECTOR = YES;
				GCC_WARN_UNINITIALIZED_AUTOS = YES_AGGRESSIVE;
				GCC_WARN_UNUSED_FUNCTION = YES;
				GCC_WARN_UNUSED_VARIABLE = YES;
				IPHONEOS_DEPLOYMENT_TARGET = 12.2;
				MTL_ENABLE_DEBUG_INFO = INCLUDE_SOURCE;
				MTL_FAST_MATH = YES;
				ONLY_ACTIVE_ARCH = YES;
				SDKROOT = iphoneos;
				SWIFT_ACTIVE_COMPILATION_CONDITIONS = DEBUG;
				SWIFT_OPTIMIZATION_LEVEL = "-Onone";
			};
			name = Debug;
		};
		7219702822B4D14400EFD566 /* Release */ = {
			isa = XCBuildConfiguration;
			buildSettings = {
				ALWAYS_SEARCH_USER_PATHS = NO;
				CLANG_ANALYZER_NONNULL = YES;
				CLANG_ANALYZER_NUMBER_OBJECT_CONVERSION = YES_AGGRESSIVE;
				CLANG_CXX_LANGUAGE_STANDARD = "gnu++14";
				CLANG_CXX_LIBRARY = "libc++";
				CLANG_ENABLE_MODULES = YES;
				CLANG_ENABLE_OBJC_ARC = YES;
				CLANG_ENABLE_OBJC_WEAK = YES;
				CLANG_WARN_BLOCK_CAPTURE_AUTORELEASING = YES;
				CLANG_WARN_BOOL_CONVERSION = YES;
				CLANG_WARN_COMMA = YES;
				CLANG_WARN_CONSTANT_CONVERSION = YES;
				CLANG_WARN_DEPRECATED_OBJC_IMPLEMENTATIONS = YES;
				CLANG_WARN_DIRECT_OBJC_ISA_USAGE = YES_ERROR;
				CLANG_WARN_DOCUMENTATION_COMMENTS = YES;
				CLANG_WARN_EMPTY_BODY = YES;
				CLANG_WARN_ENUM_CONVERSION = YES;
				CLANG_WARN_INFINITE_RECURSION = YES;
				CLANG_WARN_INT_CONVERSION = YES;
				CLANG_WARN_NON_LITERAL_NULL_CONVERSION = YES;
				CLANG_WARN_OBJC_IMPLICIT_RETAIN_SELF = YES;
				CLANG_WARN_OBJC_LITERAL_CONVERSION = YES;
				CLANG_WARN_OBJC_ROOT_CLASS = YES_ERROR;
				CLANG_WARN_RANGE_LOOP_ANALYSIS = YES;
				CLANG_WARN_STRICT_PROTOTYPES = YES;
				CLANG_WARN_SUSPICIOUS_MOVE = YES;
				CLANG_WARN_UNGUARDED_AVAILABILITY = YES_AGGRESSIVE;
				CLANG_WARN_UNREACHABLE_CODE = YES;
				CLANG_WARN__DUPLICATE_METHOD_MATCH = YES;
				CODE_SIGN_IDENTITY = "iPhone Developer";
				COPY_PHASE_STRIP = NO;
				DEBUG_INFORMATION_FORMAT = "dwarf-with-dsym";
				ENABLE_NS_ASSERTIONS = NO;
				ENABLE_STRICT_OBJC_MSGSEND = YES;
				GCC_C_LANGUAGE_STANDARD = gnu11;
				GCC_NO_COMMON_BLOCKS = YES;
				GCC_WARN_64_TO_32_BIT_CONVERSION = YES;
				GCC_WARN_ABOUT_RETURN_TYPE = YES_ERROR;
				GCC_WARN_UNDECLARED_SELECTOR = YES;
				GCC_WARN_UNINITIALIZED_AUTOS = YES_AGGRESSIVE;
				GCC_WARN_UNUSED_FUNCTION = YES;
				GCC_WARN_UNUSED_VARIABLE = YES;
				IPHONEOS_DEPLOYMENT_TARGET = 12.2;
				MTL_ENABLE_DEBUG_INFO = NO;
				MTL_FAST_MATH = YES;
				SDKROOT = iphoneos;
				SWIFT_COMPILATION_MODE = wholemodule;
				SWIFT_OPTIMIZATION_LEVEL = "-O";
				VALIDATE_PRODUCT = YES;
			};
			name = Release;
		};
		7219702A22B4D14400EFD566 /* Debug */ = {
			isa = XCBuildConfiguration;
			baseConfigurationReference = C54631783A0A49F3565AEE0D /* Pods-Do It.debug.xcconfig */;
			buildSettings = {
				ASSETCATALOG_COMPILER_APPICON_NAME = AppIcon;
				CODE_SIGN_STYLE = Automatic;
				DEVELOPMENT_TEAM = 646TAXN5JB;
				INFOPLIST_FILE = "Do It/Info.plist";
				LD_RUNPATH_SEARCH_PATHS = (
					"$(inherited)",
					"@executable_path/Frameworks",
				);
				PRODUCT_BUNDLE_IDENTIFIER = "tech.ukiyo.Do-It";
				PRODUCT_NAME = "$(TARGET_NAME)";
				SWIFT_VERSION = 5.0;
				TARGETED_DEVICE_FAMILY = "1,2";
			};
			name = Debug;
		};
		7219702B22B4D14400EFD566 /* Release */ = {
			isa = XCBuildConfiguration;
			baseConfigurationReference = 4F9B2B23E0B4EF0F3C08AC66 /* Pods-Do It.release.xcconfig */;
			buildSettings = {
				ASSETCATALOG_COMPILER_APPICON_NAME = AppIcon;
				CODE_SIGN_STYLE = Automatic;
				DEVELOPMENT_TEAM = 646TAXN5JB;
				INFOPLIST_FILE = "Do It/Info.plist";
				LD_RUNPATH_SEARCH_PATHS = (
					"$(inherited)",
					"@executable_path/Frameworks",
				);
				PRODUCT_BUNDLE_IDENTIFIER = "tech.ukiyo.Do-It";
				PRODUCT_NAME = "$(TARGET_NAME)";
				SWIFT_VERSION = 5.0;
				TARGETED_DEVICE_FAMILY = "1,2";
			};
			name = Release;
		};
/* End XCBuildConfiguration section */

/* Begin XCConfigurationList section */
		7219701222B4D14300EFD566 /* Build configuration list for PBXProject "Do It" */ = {
			isa = XCConfigurationList;
			buildConfigurations = (
				7219702722B4D14400EFD566 /* Debug */,
				7219702822B4D14400EFD566 /* Release */,
			);
			defaultConfigurationIsVisible = 0;
			defaultConfigurationName = Release;
		};
		7219702922B4D14400EFD566 /* Build configuration list for PBXNativeTarget "Do It" */ = {
			isa = XCConfigurationList;
			buildConfigurations = (
				7219702A22B4D14400EFD566 /* Debug */,
				7219702B22B4D14400EFD566 /* Release */,
			);
			defaultConfigurationIsVisible = 0;
			defaultConfigurationName = Release;
		};
/* End XCConfigurationList section */
	};
	rootObject = 7219700F22B4D14300EFD566 /* Project object */;
}
